
Microsoft Visual Studio Solution File, Format Version 12.00
# Visual Studio 2013
VisualStudioVersion = 12.0.21005.1
MinimumVisualStudioVersion = 10.0.40219.1
Project("{6141683F-8A12-4E36-9623-2EB02B2C2303}") = "RabbitImSetup", "RabbitImSetup.isproj", "{BDD12699-CDF4-46F1-B0E0-7436F286E404}"
EndProject
Global
	GlobalSection(SolutionConfigurationPlatforms) = preSolution
		CD_ROM|Default = CD_ROM|Default
		DVD-5|Default = DVD-5|Default
		SingleImage|Default = SingleImage|Default
	EndGlobalSection
	GlobalSection(ProjectConfigurationPlatforms) = postSolution
		{BDD12699-CDF4-46F1-B0E0-7436F286E404}.CD_ROM|Default.ActiveCfg = CD_ROM
		{BDD12699-CDF4-46F1-B0E0-7436F286E404}.CD_ROM|Default.Build.0 = CD_ROM
		{BDD12699-CDF4-46F1-B0E0-7436F286E404}.DVD-5|Default.ActiveCfg = DVD-5
		{BDD12699-CDF4-46F1-B0E0-7436F286E404}.DVD-5|Default.Build.0 = DVD-5
		{BDD12699-CDF4-46F1-B0E0-7436F286E404}.SingleImage|Default.ActiveCfg = SingleImage
		{BDD12699-CDF4-46F1-B0E0-7436F286E404}.SingleImage|Default.Build.0 = SingleImage
	EndGlobalSection
	GlobalSection(SolutionProperties) = preSolution
		HideSolutionNode = FALSE
	EndGlobalSection
EndGlobal
